// !$*UTF8*$!
{
	archiveVersion = 1;
	classes = {
	};
	objectVersion = 56;
	objects = {

/* Begin PBXBuildFile section */
		70CBF9522BF8B1CF002A0A50 /* CCMApp.swift in Sources */ = {isa = PBXBuildFile; fileRef = 70CBF9512BF8B1CF002A0A50 /* CCMApp.swift */; };
		70CBF9542BF8B1CF002A0A50 /* ContentView.swift in Sources */ = {isa = PBXBuildFile; fileRef = 70CBF9532BF8B1CF002A0A50 /* ContentView.swift */; };
		70CBF9562BF8B1D0002A0A50 /* Assets.xcassets in Resources */ = {isa = PBXBuildFile; fileRef = 70CBF9552BF8B1D0002A0A50 /* Assets.xcassets */; };
		70CBF9592BF8B1D0002A0A50 /* Preview Assets.xcassets in Resources */ = {isa = PBXBuildFile; fileRef = 70CBF9582BF8B1D0002A0A50 /* Preview Assets.xcassets */; };
		70CBF9632BF8B1D0002A0A50 /* CCMTests.swift in Sources */ = {isa = PBXBuildFile; fileRef = 70CBF9622BF8B1D0002A0A50 /* CCMTests.swift */; };
		70CBF96D2BF8B1D0002A0A50 /* CCMUITests.swift in Sources */ = {isa = PBXBuildFile; fileRef = 70CBF96C2BF8B1D0002A0A50 /* CCMUITests.swift */; };
		70CBF96F2BF8B1D0002A0A50 /* CCMUITestsLaunchTests.swift in Sources */ = {isa = PBXBuildFile; fileRef = 70CBF96E2BF8B1D0002A0A50 /* CCMUITestsLaunchTests.swift */; };
/* End PBXBuildFile section */

/* Begin PBXContainerItemProxy section */
		70CBF95F2BF8B1D0002A0A50 /* PBXContainerItemProxy */ = {
			isa = PBXContainerItemProxy;
			containerPortal = 70CBF9462BF8B1CF002A0A50 /* Project object */;
			proxyType = 1;
			remoteGlobalIDString = 70CBF94D2BF8B1CF002A0A50;
			remoteInfo = CCM;
		};
		70CBF9692BF8B1D0002A0A50 /* PBXContainerItemProxy */ = {
			isa = PBXContainerItemProxy;
			containerPortal = 70CBF9462BF8B1CF002A0A50 /* Project object */;
			proxyType = 1;
			remoteGlobalIDString = 70CBF94D2BF8B1CF002A0A50;
			remoteInfo = CCM;
		};
/* End PBXContainerItemProxy section */

/* Begin PBXFileReference section */
		70CBF94E2BF8B1CF002A0A50 /* CCM.app */ = {isa = PBXFileReference; explicitFileType = wrapper.application; includeInIndex = 0; path = CCM.app; sourceTree = BUILT_PRODUCTS_DIR; };
		70CBF9512BF8B1CF002A0A50 /* CCMApp.swift */ = {isa = PBXFileReference; lastKnownFileType = sourcecode.swift; path = CCMApp.swift; sourceTree = "<group>"; };
		70CBF9532BF8B1CF002A0A50 /* ContentView.swift */ = {isa = PBXFileReference; lastKnownFileType = sourcecode.swift; path = ContentView.swift; sourceTree = "<group>"; };
		70CBF9552BF8B1D0002A0A50 /* Assets.xcassets */ = {isa = PBXFileReference; lastKnownFileType = folder.assetcatalog; path = Assets.xcassets; sourceTree = "<group>"; };
		70CBF9582BF8B1D0002A0A50 /* Preview Assets.xcassets */ = {isa = PBXFileReference; lastKnownFileType = folder.assetcatalog; path = "Preview Assets.xcassets"; sourceTree = "<group>"; };
		70CBF95E2BF8B1D0002A0A50 /* CCMTests.xctest */ = {isa = PBXFileReference; explicitFileType = wrapper.cfbundle; includeInIndex = 0; path = CCMTests.xctest; sourceTree = BUILT_PRODUCTS_DIR; };
		70CBF9622BF8B1D0002A0A50 /* CCMTests.swift */ = {isa = PBXFileReference; lastKnownFileType = sourcecode.swift; path = CCMTests.swift; sourceTree = "<group>"; };
		70CBF9682BF8B1D0002A0A50 /* CCMUITests.xctest */ = {isa = PBXFileReference; explicitFileType = wrapper.cfbundle; includeInIndex = 0; path = CCMUITests.xctest; sourceTree = BUILT_PRODUCTS_DIR; };
		70CBF96C2BF8B1D0002A0A50 /* CCMUITests.swift */ = {isa = PBXFileReference; lastKnownFileType = sourcecode.swift; path = CCMUITests.swift; sourceTree = "<group>"; };
		70CBF96E2BF8B1D0002A0A50 /* CCMUITestsLaunchTests.swift */ = {isa = PBXFileReference; lastKnownFileType = sourcecode.swift; path = CCMUITestsLaunchTests.swift; sourceTree = "<group>"; };
/* End PBXFileReference section */

/* Begin PBXFrameworksBuildPhase section */
		70CBF94B2BF8B1CF002A0A50 /* Frameworks */ = {
			isa = PBXFrameworksBuildPhase;
			buildActionMask = 2147483647;
			files = (
			);
			runOnlyForDeploymentPostprocessing = 0;
		};
		70CBF95B2BF8B1D0002A0A50 /* Frameworks */ = {
			isa = PBXFrameworksBuildPhase;
			buildActionMask = 2147483647;
			files = (
			);
			runOnlyForDeploymentPostprocessing = 0;
		};
		70CBF9652BF8B1D0002A0A50 /* Frameworks */ = {
			isa = PBXFrameworksBuildPhase;
			buildActionMask = 2147483647;
			files = (
			);
			runOnlyForDeploymentPostprocessing = 0;
		};
/* End PBXFrameworksBuildPhase section */

/* Begin PBXGroup section */
		70CBF9452BF8B1CF002A0A50 = {
			isa = PBXGroup;
			children = (
				70CBF9502BF8B1CF002A0A50 /* CCM */,
				70CBF9612BF8B1D0002A0A50 /* CCMTests */,
				70CBF96B2BF8B1D0002A0A50 /* CCMUITests */,
				70CBF94F2BF8B1CF002A0A50 /* Products */,
			);
			sourceTree = "<group>";
		};
		70CBF94F2BF8B1CF002A0A50 /* Products */ = {
			isa = PBXGroup;
			children = (
				70CBF94E2BF8B1CF002A0A50 /* CCM.app */,
				70CBF95E2BF8B1D0002A0A50 /* CCMTests.xctest */,
				70CBF9682BF8B1D0002A0A50 /* CCMUITests.xctest */,
			);
			name = Products;
			sourceTree = "<group>";
		};
		70CBF9502BF8B1CF002A0A50 /* CCM */ = {
			isa = PBXGroup;
			children = (
				70CBF9512BF8B1CF002A0A50 /* CCMApp.swift */,
				70CBF9532BF8B1CF002A0A50 /* ContentView.swift */,
				70CBF9552BF8B1D0002A0A50 /* Assets.xcassets */,
				70CBF9572BF8B1D0002A0A50 /* Preview Content */,
			);
			path = CCM;
			sourceTree = "<group>";
		};
		70CBF9572BF8B1D0002A0A50 /* Preview Content */ = {
			isa = PBXGroup;
			children = (
				70CBF9582BF8B1D0002A0A50 /* Preview Assets.xcassets */,
			);
			path = "Preview Content";
			sourceTree = "<group>";
		};
		70CBF9612BF8B1D0002A0A50 /* CCMTests */ = {
			isa = PBXGroup;
			children = (
				70CBF9622BF8B1D0002A0A50 /* CCMTests.swift */,
			);
			path = CCMTests;
			sourceTree = "<group>";
		};
		70CBF96B2BF8B1D0002A0A50 /* CCMUITests */ = {
			isa = PBXGroup;
			children = (
				70CBF96C2BF8B1D0002A0A50 /* CCMUITests.swift */,
				70CBF96E2BF8B1D0002A0A50 /* CCMUITestsLaunchTests.swift */,
			);
			path = CCMUITests;
			sourceTree = "<group>";
		};
/* End PBXGroup section */

/* Begin PBXNativeTarget section */
		70CBF94D2BF8B1CF002A0A50 /* CCM */ = {
			isa = PBXNativeTarget;
			buildConfigurationList = 70CBF9722BF8B1D0002A0A50 /* Build configuration list for PBXNativeTarget "CCM" */;
			buildPhases = (
				70CBF94A2BF8B1CF002A0A50 /* Sources */,
				70CBF94B2BF8B1CF002A0A50 /* Frameworks */,
				70CBF94C2BF8B1CF002A0A50 /* Resources */,
			);
			buildRules = (
			);
			dependencies = (
			);
			name = CCM;
			productName = CCM;
			productReference = 70CBF94E2BF8B1CF002A0A50 /* CCM.app */;
			productType = "com.apple.product-type.application";
		};
		70CBF95D2BF8B1D0002A0A50 /* CCMTests */ = {
			isa = PBXNativeTarget;
			buildConfigurationList = 70CBF9752BF8B1D0002A0A50 /* Build configuration list for PBXNativeTarget "CCMTests" */;
			buildPhases = (
				70CBF95A2BF8B1D0002A0A50 /* Sources */,
				70CBF95B2BF8B1D0002A0A50 /* Frameworks */,
				70CBF95C2BF8B1D0002A0A50 /* Resources */,
			);
			buildRules = (
			);
			dependencies = (
				70CBF9602BF8B1D0002A0A50 /* PBXTargetDependency */,
			);
			name = CCMTests;
			productName = CCMTests;
			productReference = 70CBF95E2BF8B1D0002A0A50 /* CCMTests.xctest */;
			productType = "com.apple.product-type.bundle.unit-test";
		};
		70CBF9672BF8B1D0002A0A50 /* CCMUITests */ = {
			isa = PBXNativeTarget;
			buildConfigurationList = 70CBF9782BF8B1D0002A0A50 /* Build configuration list for PBXNativeTarget "CCMUITests" */;
			buildPhases = (
				70CBF9642BF8B1D0002A0A50 /* Sources */,
				70CBF9652BF8B1D0002A0A50 /* Frameworks */,
				70CBF9662BF8B1D0002A0A50 /* Resources */,
			);
			buildRules = (
			);
			dependencies = (
				70CBF96A2BF8B1D0002A0A50 /* PBXTargetDependency */,
			);
			name = CCMUITests;
			productName = CCMUITests;
			productReference = 70CBF9682BF8B1D0002A0A50 /* CCMUITests.xctest */;
			productType = "com.apple.product-type.bundle.ui-testing";
		};
/* End PBXNativeTarget section */

/* Begin PBXProject section */
		70CBF9462BF8B1CF002A0A50 /* Project object */ = {
			isa = PBXProject;
			attributes = {
				BuildIndependentTargetsInParallel = 1;
				LastSwiftUpdateCheck = 1540;
				LastUpgradeCheck = 1540;
				TargetAttributes = {
					70CBF94D2BF8B1CF002A0A50 = {
						CreatedOnToolsVersion = 15.4;
					};
					70CBF95D2BF8B1D0002A0A50 = {
						CreatedOnToolsVersion = 15.4;
						TestTargetID = 70CBF94D2BF8B1CF002A0A50;
					};
					70CBF9672BF8B1D0002A0A50 = {
						CreatedOnToolsVersion = 15.4;
						TestTargetID = 70CBF94D2BF8B1CF002A0A50;
					};
				};
			};
			buildConfigurationList = 70CBF9492BF8B1CF002A0A50 /* Build configuration list for PBXProject "CCM" */;
			compatibilityVersion = "Xcode 14.0";
			developmentRegion = en;
			hasScannedForEncodings = 0;
			knownRegions = (
				en,
				Base,
			);
			mainGroup = 70CBF9452BF8B1CF002A0A50;
			productRefGroup = 70CBF94F2BF8B1CF002A0A50 /* Products */;
			projectDirPath = "";
			projectRoot = "";
			targets = (
				70CBF94D2BF8B1CF002A0A50 /* CCM */,
				70CBF95D2BF8B1D0002A0A50 /* CCMTests */,
				70CBF9672BF8B1D0002A0A50 /* CCMUITests */,
			);
		};
/* End PBXProject section */

/* Begin PBXResourcesBuildPhase section */
		70CBF94C2BF8B1CF002A0A50 /* Resources */ = {
			isa = PBXResourcesBuildPhase;
			buildActionMask = 2147483647;
			files = (
				70CBF9592BF8B1D0002A0A50 /* Preview Assets.xcassets in Resources */,
				70CBF9562BF8B1D0002A0A50 /* Assets.xcassets in Resources */,
			);
			runOnlyForDeploymentPostprocessing = 0;
		};
		70CBF95C2BF8B1D0002A0A50 /* Resources */ = {
			isa = PBXResourcesBuildPhase;
			buildActionMask = 2147483647;
			files = (
			);
			runOnlyForDeploymentPostprocessing = 0;
		};
		70CBF9662BF8B1D0002A0A50 /* Resources */ = {
			isa = PBXResourcesBuildPhase;
			buildActionMask = 2147483647;
			files = (
			);
			runOnlyForDeploymentPostprocessing = 0;
		};
/* End PBXResourcesBuildPhase section */

/* Begin PBXSourcesBuildPhase section */
		70CBF94A2BF8B1CF002A0A50 /* Sources */ = {
			isa = PBXSourcesBuildPhase;
			buildActionMask = 2147483647;
			files = (
				70CBF9542BF8B1CF002A0A50 /* ContentView.swift in Sources */,
				70CBF9522BF8B1CF002A0A50 /* CCMApp.swift in Sources */,
			);
			runOnlyForDeploymentPostprocessing = 0;
		};
		70CBF95A2BF8B1D0002A0A50 /* Sources */ = {
			isa = PBXSourcesBuildPhase;
			buildActionMask = 2147483647;
			files = (
				70CBF9632BF8B1D0002A0A50 /* CCMTests.swift in Sources */,
			);
			runOnlyForDeploymentPostprocessing = 0;
		};
		70CBF9642BF8B1D0002A0A50 /* Sources */ = {
			isa = PBXSourcesBuildPhase;
			buildActionMask = 2147483647;
			files = (
				70CBF96F2BF8B1D0002A0A50 /* CCMUITestsLaunchTests.swift in Sources */,
				70CBF96D2BF8B1D0002A0A50 /* CCMUITests.swift in Sources */,
			);
			runOnlyForDeploymentPostprocessing = 0;
		};
/* End PBXSourcesBuildPhase section */

/* Begin PBXTargetDependency section */
		70CBF9602BF8B1D0002A0A50 /* PBXTargetDependency */ = {
			isa = PBXTargetDependency;
			target = 70CBF94D2BF8B1CF002A0A50 /* CCM */;
			targetProxy = 70CBF95F2BF8B1D0002A0A50 /* PBXContainerItemProxy */;
		};
		70CBF96A2BF8B1D0002A0A50 /* PBXTargetDependency */ = {
			isa = PBXTargetDependency;
			target = 70CBF94D2BF8B1CF002A0A50 /* CCM */;
			targetProxy = 70CBF9692BF8B1D0002A0A50 /* PBXContainerItemProxy */;
		};
/* End PBXTargetDependency section */

/* Begin XCBuildConfiguration section */
		70CBF9702BF8B1D0002A0A50 /* Debug */ = {
			isa = XCBuildConfiguration;
			buildSettings = {
				ALWAYS_SEARCH_USER_PATHS = NO;
				ASSETCATALOG_COMPILER_GENERATE_SWIFT_ASSET_SYMBOL_EXTENSIONS = YES;
				CLANG_ANALYZER_NONNULL = YES;
				CLANG_ANALYZER_NUMBER_OBJECT_CONVERSION = YES_AGGRESSIVE;
				CLANG_CXX_LANGUAGE_STANDARD = "gnu++20";
				CLANG_ENABLE_MODULES = YES;
				CLANG_ENABLE_OBJC_ARC = YES;
				CLANG_ENABLE_OBJC_WEAK = YES;
				CLANG_WARN_BLOCK_CAPTURE_AUTORELEASING = YES;
				CLANG_WARN_BOOL_CONVERSION = YES;
				CLANG_WARN_COMMA = YES;
				CLANG_WARN_CONSTANT_CONVERSION = YES;
				CLANG_WARN_DEPRECATED_OBJC_IMPLEMENTATIONS = YES;
				CLANG_WARN_DIRECT_OBJC_ISA_USAGE = YES_ERROR;
				CLANG_WARN_DOCUMENTATION_COMMENTS = YES;
				CLANG_WARN_EMPTY_BODY = YES;
				CLANG_WARN_ENUM_CONVERSION = YES;
				CLANG_WARN_INFINITE_RECURSION = YES;
				CLANG_WARN_INT_CONVERSION = YES;
				CLANG_WARN_NON_LITERAL_NULL_CONVERSION = YES;
				CLANG_WARN_OBJC_IMPLICIT_RETAIN_SELF = YES;
				CLANG_WARN_OBJC_LITERAL_CONVERSION = YES;
				CLANG_WARN_OBJC_ROOT_CLASS = YES_ERROR;
				CLANG_WARN_QUOTED_INCLUDE_IN_FRAMEWORK_HEADER = YES;
				CLANG_WARN_RANGE_LOOP_ANALYSIS = YES;
				CLANG_WARN_STRICT_PROTOTYPES = YES;
				CLANG_WARN_SUSPICIOUS_MOVE = YES;
				CLANG_WARN_UNGUARDED_AVAILABILITY = YES_AGGRESSIVE;
				CLANG_WARN_UNREACHABLE_CODE = YES;
				CLANG_WARN__DUPLICATE_METHOD_MATCH = YES;
				COPY_PHASE_STRIP = NO;
				DEBUG_INFORMATION_FORMAT = dwarf;
				ENABLE_STRICT_OBJC_MSGSEND = YES;
				ENABLE_TESTABILITY = YES;
				ENABLE_USER_SCRIPT_SANDBOXING = YES;
				GCC_C_LANGUAGE_STANDARD = gnu17;
				GCC_DYNAMIC_NO_PIC = NO;
				GCC_NO_COMMON_BLOCKS = YES;
				GCC_OPTIMIZATION_LEVEL = 0;
				GCC_PREPROCESSOR_DEFINITIONS = (
					"DEBUG=1",
					"$(inherited)",
				);
				GCC_WARN_64_TO_32_BIT_CONVERSION = YES;
				GCC_WARN_ABOUT_RETURN_TYPE = YES_ERROR;
				GCC_WARN_UNDECLARED_SELECTOR = YES;
				GCC_WARN_UNINITIALIZED_AUTOS = YES_AGGRESSIVE;
				GCC_WARN_UNUSED_FUNCTION = YES;
				GCC_WARN_UNUSED_VARIABLE = YES;
				IPHONEOS_DEPLOYMENT_TARGET = 17.5;
				LOCALIZATION_PREFERS_STRING_CATALOGS = YES;
				MTL_ENABLE_DEBUG_INFO = INCLUDE_SOURCE;
				MTL_FAST_MATH = YES;
				ONLY_ACTIVE_ARCH = YES;
				SDKROOT = iphoneos;
				SWIFT_ACTIVE_COMPILATION_CONDITIONS = "DEBUG $(inherited)";
				SWIFT_OPTIMIZATION_LEVEL = "-Onone";
			};
			name = Debug;
		};
		70CBF9712BF8B1D0002A0A50 /* Release */ = {
			isa = XCBuildConfiguration;
			buildSettings = {
				ALWAYS_SEARCH_USER_PATHS = NO;
				ASSETCATALOG_COMPILER_GENERATE_SWIFT_ASSET_SYMBOL_EXTENSIONS = YES;
				CLANG_ANALYZER_NONNULL = YES;
				CLANG_ANALYZER_NUMBER_OBJECT_CONVERSION = YES_AGGRESSIVE;
				CLANG_CXX_LANGUAGE_STANDARD = "gnu++20";
				CLANG_ENABLE_MODULES = YES;
				CLANG_ENABLE_OBJC_ARC = YES;
				CLANG_ENABLE_OBJC_WEAK = YES;
				CLANG_WARN_BLOCK_CAPTURE_AUTORELEASING = YES;
				CLANG_WARN_BOOL_CONVERSION = YES;
				CLANG_WARN_COMMA = YES;
				CLANG_WARN_CONSTANT_CONVERSION = YES;
				CLANG_WARN_DEPRECATED_OBJC_IMPLEMENTATIONS = YES;
				CLANG_WARN_DIRECT_OBJC_ISA_USAGE = YES_ERROR;
				CLANG_WARN_DOCUMENTATION_COMMENTS = YES;
				CLANG_WARN_EMPTY_BODY = YES;
				CLANG_WARN_ENUM_CONVERSION = YES;
				CLANG_WARN_INFINITE_RECURSION = YES;
				CLANG_WARN_INT_CONVERSION = YES;
				CLANG_WARN_NON_LITERAL_NULL_CONVERSION = YES;
				CLANG_WARN_OBJC_IMPLICIT_RETAIN_SELF = YES;
				CLANG_WARN_OBJC_LITERAL_CONVERSION = YES;
				CLANG_WARN_OBJC_ROOT_CLASS = YES_ERROR;
				CLANG_WARN_QUOTED_INCLUDE_IN_FRAMEWORK_HEADER = YES;
				CLANG_WARN_RANGE_LOOP_ANALYSIS = YES;
				CLANG_WARN_STRICT_PROTOTYPES = YES;
				CLANG_WARN_SUSPICIOUS_MOVE = YES;
				CLANG_WARN_UNGUARDED_AVAILABILITY = YES_AGGRESSIVE;
				CLANG_WARN_UNREACHABLE_CODE = YES;
				CLANG_WARN__DUPLICATE_METHOD_MATCH = YES;
				COPY_PHASE_STRIP = NO;
				DEBUG_INFORMATION_FORMAT = "dwarf-with-dsym";
				ENABLE_NS_ASSERTIONS = NO;
				ENABLE_STRICT_OBJC_MSGSEND = YES;
				ENABLE_USER_SCRIPT_SANDBOXING = YES;
				GCC_C_LANGUAGE_STANDARD = gnu17;
				GCC_NO_COMMON_BLOCKS = YES;
				GCC_WARN_64_TO_32_BIT_CONVERSION = YES;
				GCC_WARN_ABOUT_RETURN_TYPE = YES_ERROR;
				GCC_WARN_UNDECLARED_SELECTOR = YES;
				GCC_WARN_UNINITIALIZED_AUTOS = YES_AGGRESSIVE;
				GCC_WARN_UNUSED_FUNCTION = YES;
				GCC_WARN_UNUSED_VARIABLE = YES;
				IPHONEOS_DEPLOYMENT_TARGET = 17.5;
				LOCALIZATION_PREFERS_STRING_CATALOGS = YES;
				MTL_ENABLE_DEBUG_INFO = NO;
				MTL_FAST_MATH = YES;
				SDKROOT = iphoneos;
				SWIFT_COMPILATION_MODE = wholemodule;
				VALIDATE_PRODUCT = YES;
			};
			name = Release;
		};
		70CBF9732BF8B1D0002A0A50 /* Debug */ = {
			isa = XCBuildConfiguration;
			buildSettings = {
				ASSETCATALOG_COMPILER_APPICON_NAME = AppIcon;
				ASSETCATALOG_COMPILER_GLOBAL_ACCENT_COLOR_NAME = AccentColor;
				CODE_SIGN_STYLE = Automatic;
				CURRENT_PROJECT_VERSION = 1;
				DEVELOPMENT_ASSET_PATHS = "\"CCM/Preview Content\"";
				DEVELOPMENT_TEAM = X7M392FCT9;
				ENABLE_PREVIEWS = YES;
				GENERATE_INFOPLIST_FILE = YES;
				INFOPLIST_KEY_UIApplicationSceneManifest_Generation = YES;
				INFOPLIST_KEY_UIApplicationSupportsIndirectInputEvents = YES;
				INFOPLIST_KEY_UILaunchScreen_Generation = YES;
				INFOPLIST_KEY_UISupportedInterfaceOrientations_iPad = "UIInterfaceOrientationPortrait UIInterfaceOrientationPortraitUpsideDown UIInterfaceOrientationLandscapeLeft UIInterfaceOrientationLandscapeRight";
				INFOPLIST_KEY_UISupportedInterfaceOrientations_iPhone = "UIInterfaceOrientationPortrait UIInterfaceOrientationLandscapeLeft UIInterfaceOrientationLandscapeRight";
				LD_RUNPATH_SEARCH_PATHS = (
					"$(inherited)",
					"@executable_path/Frameworks",
				);
				MARKETING_VERSION = 1.0;
				PRODUCT_BUNDLE_IDENTIFIER = com.chaugiang9.CCM;
				PRODUCT_NAME = "$(TARGET_NAME)";
				SWIFT_EMIT_LOC_STRINGS = YES;
				SWIFT_VERSION = 5.0;
				TARGETED_DEVICE_FAMILY = "1,2";
			};
			name = Debug;
		};
		70CBF9742BF8B1D0002A0A50 /* Release */ = {
			isa = XCBuildConfiguration;
			buildSettings = {
				ASSETCATALOG_COMPILER_APPICON_NAME = AppIcon;
				ASSETCATALOG_COMPILER_GLOBAL_ACCENT_COLOR_NAME = AccentColor;
				CODE_SIGN_STYLE = Automatic;
				CURRENT_PROJECT_VERSION = 1;
				DEVELOPMENT_ASSET_PATHS = "\"CCM/Preview Content\"";
				DEVELOPMENT_TEAM = X7M392FCT9;
				ENABLE_PREVIEWS = YES;
				GENERATE_INFOPLIST_FILE = YES;
				INFOPLIST_KEY_UIApplicationSceneManifest_Generation = YES;
				INFOPLIST_KEY_UIApplicationSupportsIndirectInputEvents = YES;
				INFOPLIST_KEY_UILaunchScreen_Generation = YES;
				INFOPLIST_KEY_UISupportedInterfaceOrientations_iPad = "UIInterfaceOrientationPortrait UIInterfaceOrientationPortraitUpsideDown UIInterfaceOrientationLandscapeLeft UIInterfaceOrientationLandscapeRight";
				INFOPLIST_KEY_UISupportedInterfaceOrientations_iPhone = "UIInterfaceOrientationPortrait UIInterfaceOrientationLandscapeLeft UIInterfaceOrientationLandscapeRight";
				LD_RUNPATH_SEARCH_PATHS = (
					"$(inherited)",
					"@executable_path/Frameworks",
				);
				MARKETING_VERSION = 1.0;
				PRODUCT_BUNDLE_IDENTIFIER = com.chaugiang9.CCM;
				PRODUCT_NAME = "$(TARGET_NAME)";
				SWIFT_EMIT_LOC_STRINGS = YES;
				SWIFT_VERSION = 5.0;
				TARGETED_DEVICE_FAMILY = "1,2";
			};
			name = Release;
		};
		70CBF9762BF8B1D0002A0A50 /* Debug */ = {
			isa = XCBuildConfiguration;
			buildSettings = {
				ALWAYS_EMBED_SWIFT_STANDARD_LIBRARIES = YES;
				BUNDLE_LOADER = "$(TEST_HOST)";
				CODE_SIGN_STYLE = Automatic;
				CURRENT_PROJECT_VERSION = 1;
				DEVELOPMENT_TEAM = X7M392FCT9;
				GENERATE_INFOPLIST_FILE = YES;
				IPHONEOS_DEPLOYMENT_TARGET = 17.5;
				MARKETING_VERSION = 1.0;
				PRODUCT_BUNDLE_IDENTIFIER = com.chaugiang9.CCMTests;
				PRODUCT_NAME = "$(TARGET_NAME)";
				SWIFT_EMIT_LOC_STRINGS = NO;
				SWIFT_VERSION = 5.0;
				TARGETED_DEVICE_FAMILY = "1,2";
				TEST_HOST = "$(BUILT_PRODUCTS_DIR)/CCM.app/$(BUNDLE_EXECUTABLE_FOLDER_PATH)/CCM";
			};
			name = Debug;
		};
		70CBF9772BF8B1D0002A0A50 /* Release */ = {
			isa = XCBuildConfiguration;
			buildSettings = {
				ALWAYS_EMBED_SWIFT_STANDARD_LIBRARIES = YES;
				BUNDLE_LOADER = "$(TEST_HOST)";
				CODE_SIGN_STYLE = Automatic;
				CURRENT_PROJECT_VERSION = 1;
				DEVELOPMENT_TEAM = X7M392FCT9;
				GENERATE_INFOPLIST_FILE = YES;
				IPHONEOS_DEPLOYMENT_TARGET = 17.5;
				MARKETING_VERSION = 1.0;
				PRODUCT_BUNDLE_IDENTIFIER = com.chaugiang9.CCMTests;
				PRODUCT_NAME = "$(TARGET_NAME)";
				SWIFT_EMIT_LOC_STRINGS = NO;
				SWIFT_VERSION = 5.0;
				TARGETED_DEVICE_FAMILY = "1,2";
				TEST_HOST = "$(BUILT_PRODUCTS_DIR)/CCM.app/$(BUNDLE_EXECUTABLE_FOLDER_PATH)/CCM";
			};
			name = Release;
		};
		70CBF9792BF8B1D0002A0A50 /* Debug */ = {
			isa = XCBuildConfiguration;
			buildSettings = {
				ALWAYS_EMBED_SWIFT_STANDARD_LIBRARIES = YES;
				CODE_SIGN_STYLE = Automatic;
				CURRENT_PROJECT_VERSION = 1;
				DEVELOPMENT_TEAM = X7M392FCT9;
				GENERATE_INFOPLIST_FILE = YES;
				MARKETING_VERSION = 1.0;
				PRODUCT_BUNDLE_IDENTIFIER = com.chaugiang9.CCMUITests;
				PRODUCT_NAME = "$(TARGET_NAME)";
				SWIFT_EMIT_LOC_STRINGS = NO;
				SWIFT_VERSION = 5.0;
				TARGETED_DEVICE_FAMILY = "1,2";
				TEST_TARGET_NAME = CCM;
			};
			name = Debug;
		};
		70CBF97A2BF8B1D0002A0A50 /* Release */ = {
			isa = XCBuildConfiguration;
			buildSettings = {
				ALWAYS_EMBED_SWIFT_STANDARD_LIBRARIES = YES;
				CODE_SIGN_STYLE = Automatic;
				CURRENT_PROJECT_VERSION = 1;
				DEVELOPMENT_TEAM = X7M392FCT9;
				GENERATE_INFOPLIST_FILE = YES;
				MARKETING_VERSION = 1.0;
				PRODUCT_BUNDLE_IDENTIFIER = com.chaugiang9.CCMUITests;
				PRODUCT_NAME = "$(TARGET_NAME)";
				SWIFT_EMIT_LOC_STRINGS = NO;
				SWIFT_VERSION = 5.0;
				TARGETED_DEVICE_FAMILY = "1,2";
				TEST_TARGET_NAME = CCM;
			};
			name = Release;
		};
/* End XCBuildConfiguration section */

/* Begin XCConfigurationList section */
		70CBF9492BF8B1CF002A0A50 /* Build configuration list for PBXProject "CCM" */ = {
			isa = XCConfigurationList;
			buildConfigurations = (
				70CBF9702BF8B1D0002A0A50 /* Debug */,
				70CBF9712BF8B1D0002A0A50 /* Release */,
			);
			defaultConfigurationIsVisible = 0;
			defaultConfigurationName = Release;
		};
		70CBF9722BF8B1D0002A0A50 /* Build configuration list for PBXNativeTarget "CCM" */ = {
			isa = XCConfigurationList;
			buildConfigurations = (
				70CBF9732BF8B1D0002A0A50 /* Debug */,
				70CBF9742BF8B1D0002A0A50 /* Release */,
			);
			defaultConfigurationIsVisible = 0;
			defaultConfigurationName = Release;
		};
		70CBF9752BF8B1D0002A0A50 /* Build configuration list for PBXNativeTarget "CCMTests" */ = {
			isa = XCConfigurationList;
			buildConfigurations = (
				70CBF9762BF8B1D0002A0A50 /* Debug */,
				70CBF9772BF8B1D0002A0A50 /* Release */,
			);
			defaultConfigurationIsVisible = 0;
			defaultConfigurationName = Release;
		};
		70CBF9782BF8B1D0002A0A50 /* Build configuration list for PBXNativeTarget "CCMUITests" */ = {
			isa = XCConfigurationList;
			buildConfigurations = (
				70CBF9792BF8B1D0002A0A50 /* Debug */,
				70CBF97A2BF8B1D0002A0A50 /* Release */,
			);
			defaultConfigurationIsVisible = 0;
			defaultConfigurationName = Release;
		};
/* End XCConfigurationList section */
	};
	rootObject = 70CBF9462BF8B1CF002A0A50 /* Project object */;
}
